
Microsoft Visual Studio Solution File, Format Version 12.00
# Visual Studio Version 17
VisualStudioVersion = 17.11.35208.52
MinimumVisualStudioVersion = 10.0.40219.1
Project("{FAE04EC0-301F-11D3-BF4B-00C04F79EFBC}") = "EntityFrameworkNet5.Domain", "EntityFrameworkNet5.Domain\EntityFrameworkNet5.Domain.csproj", "{9545B6E7-0B4F-4828-9F08-E110D3ADBFDF}"
EndProject
Project("{FAE04EC0-301F-11D3-BF4B-00C04F79EFBC}") = "EntityFrameworkNet5.Data", "EntityFrameworkNet5.Data\EntityFrameworkNet5.Data.csproj", "{54B515B0-3FA2-4F4B-9CE2-3E32D9D485CD}"
EndProject
Project("{FAE04EC0-301F-11D3-BF4B-00C04F79EFBC}") = "EntityFrameworkNet5.ConsoleApp", "EntityFrameworkNet5.ConsoleApp\EntityFrameworkNet5.ConsoleApp.csproj", "{6C34391D-9391-4357-A3BB-F444A6A003A1}"
EndProject
Global
	GlobalSection(SolutionConfigurationPlatforms) = preSolution
		Debug|Any CPU = Debug|Any CPU
		Release|Any CPU = Release|Any CPU
	EndGlobalSection
	GlobalSection(ProjectConfigurationPlatforms) = postSolution
		{9545B6E7-0B4F-4828-9F08-E110D3ADBFDF}.Debug|Any CPU.ActiveCfg = Debug|Any CPU
		{9545B6E7-0B4F-4828-9F08-E110D3ADBFDF}.Debug|Any CPU.Build.0 = Debug|Any CPU
		{9545B6E7-0B4F-4828-9F08-E110D3ADBFDF}.Release|Any CPU.ActiveCfg = Release|Any CPU
		{9545B6E7-0B4F-4828-9F08-E110D3ADBFDF}.Release|Any CPU.Build.0 = Release|Any CPU
		{54B515B0-3FA2-4F4B-9CE2-3E32D9D485CD}.Debug|Any CPU.ActiveCfg = Debug|Any CPU
		{54B515B0-3FA2-4F4B-9CE2-3E32D9D485CD}.Debug|Any CPU.Build.0 = Debug|Any CPU
		{54B515B0-3FA2-4F4B-9CE2-3E32D9D485CD}.Release|Any CPU.ActiveCfg = Release|Any CPU
		{54B515B0-3FA2-4F4B-9CE2-3E32D9D485CD}.Release|Any CPU.Build.0 = Release|Any CPU
		{6C34391D-9391-4357-A3BB-F444A6A003A1}.Debug|Any CPU.ActiveCfg = Debug|Any CPU
		{6C34391D-9391-4357-A3BB-F444A6A003A1}.Debug|Any CPU.Build.0 = Debug|Any CPU
		{6C34391D-9391-4357-A3BB-F444A6A003A1}.Release|Any CPU.ActiveCfg = Release|Any CPU
		{6C34391D-9391-4357-A3BB-F444A6A003A1}.Release|Any CPU.Build.0 = Release|Any CPU
	EndGlobalSection
	GlobalSection(SolutionProperties) = preSolution
		HideSolutionNode = FALSE
	EndGlobalSection
	GlobalSection(ExtensibilityGlobals) = postSolution
		SolutionGuid = {27E5FFEB-1B78-46EB-9D20-BA1B0952F802}
	EndGlobalSection
EndGlobal
